# This file is autogenerated, do not edit; changes may be undone by the next 'dep ensure'.


[[projects]]
  name = "github.com/BurntSushi/toml"
  packages = ["."]
  revision = "b26d9c308763d68093482582cea63d69be07a0f0"
  version = "v0.3.0"

[[projects]]
  branch = "master"
  name = "github.com/ChimeraCoder/anaconda"
  packages = ["."]
  revision = "63ac04497fe5e76a698c595abf57578b5db5140c"

[[projects]]
  branch = "master"
  name = "github.com/ChimeraCoder/tokenbucket"
  packages = ["."]
  revision = "c5a927568de7aad8a58127d80bcd36ca4e71e454"

[[projects]]
  name = "github.com/PuerkitoBio/goquery"
  packages = ["."]
  revision = "e1271ee34c6a305e38566ecd27ae374944907ee9"
  version = "v1.1.0"

[[projects]]
  name = "github.com/Sirupsen/logrus"
  packages = ["."]
  revision = "f006c2ac4710855cf0f916dd6b77acf6b048dc6e"
  version = "v1.0.3"

[[projects]]
  branch = "master"
  name = "github.com/advancedlogic/GoOse"
  packages = ["."]
  revision = "a95a4992668d4f3d897ae48b5ef867ac470edb09"

[[projects]]
  name = "github.com/alexedwards/scs"
  packages = ["engine/boltstore","engine/memstore","session"]
  revision = "0fdd3ef0cedf798548a2a904932bc0b4e13ee91b"
  version = "v0.1.1"

[[projects]]
  branch = "master"
  name = "github.com/andybalholm/cascadia"
  packages = ["."]
  revision = "349dd0209470eabd9514242c688c403c0926d266"

[[projects]]
  branch = "master"
  name = "github.com/azr/backoff"
  packages = ["."]
  revision = "53511d3c733003985b0b76f733df1f4d0095ee6a"

[[projects]]
  branch = "master"
  name = "github.com/blevesearch/bleve"
  packages = [".","analysis","analysis/analyzer/standard","analysis/datetime/flexible","analysis/datetime/optional","analysis/lang/en","analysis/token/lowercase","analysis/token/porter","analysis/token/stop","analysis/tokenizer/unicode","document","geo","index","index/store","index/store/boltdb","index/store/goleveldb","index/store/gtreap","index/upsidedown","mapping","numeric","registry","search","search/collector","search/facet","search/highlight","search/highlight/format/html","search/highlight/fragmenter/simple","search/highlight/highlighter/html","search/highlight/highlighter/simple","search/query","search/scorer","search/searcher"]
  revision = "6eea5b78da004393b1d06b8c88d1bed9ca0a94b2"

[[projects]]
  name = "github.com/blevesearch/go-porterstemmer"
  packages = ["."]
  revision = "b4dd94e38f29620fe0f97ae4b0f6994b0d5d75f0"
  version = "v1.0.1"

[[projects]]
  branch = "master"
  name = "github.com/blevesearch/segment"
  packages = ["."]
  revision = "762005e7a34fd909a84586299f1dd457371d36ee"

[[projects]]
  name = "github.com/boltdb/bolt"
  packages = ["."]
  revision = "2f1ce7a837dcb8da3ec595b1dac9d0632f0f99e8"
  version = "v1.3.1"

[[projects]]
  name = "github.com/dgrijalva/jwt-go"
  packages = [".","request"]
  revision = "dbeaa9332f19a944acb5736b4456cfcc02140e29"
  version = "v3.1.0"

[[projects]]
  branch = "master"
  name = "github.com/dustin/go-jsonpointer"
  packages = ["."]
  revision = "ba0abeacc3dcca5b9b20f31509c46794edbc9965"

[[projects]]
  branch = "master"
  name = "github.com/dustin/gojson"
  packages = ["."]
  revision = "2e71ec9dd5adce3b168cd0dbde03b5cc04951c30"

[[projects]]
  branch = "master"
  name = "github.com/garyburd/go-oauth"
  packages = ["oauth"]
  revision = "4cff9ef7b7003713efa191899dbaab8fa75e3e73"

[[projects]]
  name = "github.com/go-chi/chi"
  packages = ["."]
  revision = "f7c66f685bcab06bcce78ac212c5f3553c063d19"
  version = "v3.3.0"

[[projects]]
  branch = "master"
  name = "github.com/golang/protobuf"
  packages = ["proto"]
  revision = "1643683e1b54a9e88ad26d98f81400c8c9d9f4f9"

[[projects]]
  branch = "master"
  name = "github.com/golang/snappy"
  packages = ["."]
  revision = "553a641470496b2327abcac10b36396bd98e45c9"

[[projects]]
  branch = "master"
  name = "github.com/jmoiron/sqlx"
  packages = [".","reflectx"]
  revision = "3379e5993990b1f927fc8db926485e6f6becf2d2"

[[projects]]
  branch = "master"
  name = "github.com/lib/pq"
  packages = [".","oid"]
  revision = "b609790bd85edf8e9ab7e0f8912750a786177bcf"

[[projects]]
  name = "github.com/mattn/go-sqlite3"
  packages = ["."]
  revision = "5160b48509cf5c877bc22c11c373f8c7738cdb38"
  version = "v1.3.0"

[[projects]]
  branch = "master"
  name = "github.com/nfnt/resize"
  packages = ["."]
  revision = "891127d8d1b52734debe1b3c3d7e747502b6c366"

[[projects]]
  name = "github.com/nicksnyder/go-i18n"
  packages = ["i18n","i18n/bundle","i18n/language","i18n/translation"]
  revision = "ca33e78c8a430e2df435b02f63a3944fa8e9ea11"
  version = "v1.9.0"

[[projects]]
  name = "github.com/patrickmn/go-cache"
  packages = ["."]
  revision = "a3647f8e31d79543b2d0f0ae2fe5c379d72cedc0"
  version = "v2.1.0"

[[projects]]
  name = "github.com/pelletier/go-toml"
  packages = ["."]
  revision = "16398bac157da96aa88f98a2df640c7f32af1da2"
  version = "v1.0.1"

[[projects]]
  name = "github.com/pkg/errors"
  packages = ["."]
  revision = "645ef00459ed84a119197bfb8d8205042c6df63d"
  version = "v0.8.0"

[[projects]]
  name = "github.com/rs/cors"
  packages = ["."]
  revision = "7af7a1e09ba336d2ea14b1ce73bf693c6837dbf6"
  version = "v1.2"

[[projects]]
  branch = "master"
  name = "github.com/steveyen/gtreap"
  packages = ["."]
  revision = "0abe01ef9be25c4aedc174758ec2d917314d6d70"

[[projects]]
  branch = "master"
  name = "github.com/syndtr/goleveldb"
  packages = ["leveldb","leveldb/cache","leveldb/comparer","leveldb/errors","leveldb/filter","leveldb/iterator","leveldb/journal","leveldb/memdb","leveldb/opt","leveldb/storage","leveldb/table","leveldb/util"]
  revision = "b89cc31ef7977104127d34c1bd31ebd1a9db2199"

[[projects]]
  branch = "master"
  name = "github.com/urandom/embed"
  packages = ["filesystem"]
  revision = "edcd0ba12cd1fa5a1603a2e396a2403eb639537f"

[[projects]]
  name = "github.com/urandom/handler"
  packages = [".","auth","encoding","lang","log","method"]
  revision = "6ca53aeb10b0580d279579fdbdcfa54f682fa93c"
  version = "v0.8.4"

[[projects]]
  branch = "master"
  name = "github.com/urandom/text-summary"
  packages = ["summarize"]
  revision = "3e2dd4c46c539daea022b498279a925cff9791dc"

[[projects]]
  branch = "master"
  name = "golang.org/x/crypto"
  packages = ["acme","acme/autocert","pbkdf2","scrypt","ssh/terminal"]
  revision = "2509b142fb2b797aa7587dad548f113b2c0f20ce"

[[projects]]
  branch = "master"
  name = "golang.org/x/net"
  packages = ["context","html","html/atom","html/charset"]
  revision = "4b14673ba32bee7f5ac0f990a48f033919fd418b"

[[projects]]
  branch = "master"
  name = "golang.org/x/sys"
  packages = ["unix","windows"]
  revision = "607525c0eb3534cf37ade3d0f24fb9505c33caf3"

[[projects]]
  branch = "master"
  name = "golang.org/x/text"
  packages = ["encoding","encoding/charmap","encoding/htmlindex","encoding/internal","encoding/internal/identifier","encoding/japanese","encoding/korean","encoding/simplifiedchinese","encoding/traditionalchinese","encoding/unicode","internal/gen","internal/tag","internal/utf8internal","language","runes","transform","unicode/cldr"]
  revision = "6eab0e8f74e86c598ec3b6fad4888e0c11482d48"

[[projects]]
  name = "gopkg.in/fatih/set.v0"
  packages = ["."]
  revision = "57907de300222151a123d29255ed17f5ed43fad3"
  version = "v0.1.0"

[[projects]]
  name = "gopkg.in/gcfg.v1"
  packages = [".","scanner","token","types"]
  revision = "298b7a6a3838f79debfaee8bd3bfb2b8d779e756"
  version = "v1.2.1"

[[projects]]
  name = "gopkg.in/natefinch/lumberjack.v2"
  packages = ["."]
  revision = "a96e63847dc3c67d17befa69c303767e2f84e54f"
  version = "v2.1"

[[projects]]
  name = "gopkg.in/olivere/elastic.v5"
  packages = [".","config","uritemplates"]
  revision = "3f891f0d04aba0bba9a8bd365a9d3846efcb3527"
  version = "v5.0.52"

[[projects]]
  name = "gopkg.in/warnings.v0"
  packages = ["."]
  revision = "8a331561fe74dadba6edfc59f3be66c22c3b065d"
  version = "v0.1.1"

[[projects]]
  branch = "v2"
  name = "gopkg.in/yaml.v2"
  packages = ["."]
  revision = "eb3733d160e74a9c7e442f435eb3bea458e1d19f"

[solve-meta]
  analyzer-name = "dep"
  analyzer-version = 1
  inputs-digest = "5b40298d9804e0d76d8e5eee12c511f0029dabdbdd3ba6cf59e71ce681528ab3"
  solver-name = "gps-cdcl"
  solver-version = 1
